# This file is generated by running "yarn install" inside your project.
# Manual changes might be lost - proceed with caution!

__metadata:
  version: 4
  cacheKey: 4

"ansi-regex@npm:^2.0.0":
  version: 2.1.1
  resolution: "ansi-regex@npm:2.1.1"
  checksum: 93a53c923fd433f67cd3d5647dffa6790f37bbfb924cf73ad23e28a8e414bde142d1da260d9a2be52ac4aa382063196880b1d40cf8b547642c746ed538ebf6c4
  languageName: node
  linkType: hard

"ansi-styles@npm:^2.2.1":
  version: 2.2.1
  resolution: "ansi-styles@npm:2.2.1"
  checksum: 108c7496372982f1ee53f3f09975de89cc771d2f7c89a32d56ab7a542f67b7de97391c9c16b43b39eb7ea176d3cfbb15975b6b355ae827f15f5a457b1b9dec31
  languageName: node
  linkType: hard

"babel-code-frame@npm:^6.26.0":
  version: 6.26.0
  resolution: "babel-code-frame@npm:6.26.0"
  dependencies:
    chalk: ^1.1.3
    esutils: ^2.0.2
    js-tokens: ^3.0.2
  checksum: cc2a799ccc341ad2db8aa90762b680bbca1e15893c3b28a328e974f46443110b8c56bad25554efe26f8955d19cfa2955b5f3068310ab8a818a9d7e875c90e8b4
  languageName: node
  linkType: hard

"babel-helper-builder-binary-assignment-operator-visitor@npm:^6.24.1":
  version: 6.24.1
  resolution: "babel-helper-builder-binary-assignment-operator-visitor@npm:6.24.1"
  dependencies:
    babel-helper-explode-assignable-expression: ^6.24.1
    babel-runtime: ^6.22.0
    babel-types: ^6.24.1
  checksum: 273be1b48521d6c45404f3c12960b8fba32ebc5724bf200fb62663cf9b1851e937a41994c949372a8587166dc8d55e291ace989c8d85a69a1fdce659d7e1619b
  languageName: node
  linkType: hard

"babel-helper-builder-react-jsx@npm:^6.24.1":
  version: 6.26.0
  resolution: "babel-helper-builder-react-jsx@npm:6.26.0"
  dependencies:
    babel-runtime: ^6.26.0
    babel-types: ^6.26.0
    esutils: ^2.0.2
  checksum: 548856178f97cfac146b1b82735b37be79efe1d0b5bc8a55525478680266791a5ac2aa6be16cdeedc19bfe3b4ff4b58319bdc50020cfa485b710bc994d5ecbaa
  languageName: node
  linkType: hard

"babel-helper-call-delegate@npm:^6.24.1":
  version: 6.24.1
  resolution: "babel-helper-call-delegate@npm:6.24.1"
  dependencies:
    babel-helper-hoist-variables: ^6.24.1
    babel-runtime: ^6.22.0
    babel-traverse: ^6.24.1
    babel-types: ^6.24.1
  checksum: 286b5b214404742d9c5916cbf6b891eaabb731c1e0120aa1094038de6c047724c7a7f8581e5edda69a7a0c4db4cc5654cc04a000faaf59aaffaecbda2c86c68f
  languageName: node
  linkType: hard

"babel-helper-define-map@npm:^6.24.1":
  version: 6.26.0
  resolution: "babel-helper-define-map@npm:6.26.0"
  dependencies:
    babel-helper-function-name: ^6.24.1
    babel-runtime: ^6.26.0
    babel-types: ^6.26.0
    lodash: ^4.17.4
  checksum: 83d36a0be4cd63de6d01710dfef5d3d4e0cba2a93c8297c2011ee4d8c551de96ad0f266aa5c1817364a2c847f3a27b40c0e4b8c193ee9292337d2ee38d794ee6
  languageName: node
  linkType: hard

"babel-helper-explode-assignable-expression@npm:^6.24.1":
  version: 6.24.1
  resolution: "babel-helper-explode-assignable-expression@npm:6.24.1"
  dependencies:
    babel-runtime: ^6.22.0
    babel-traverse: ^6.24.1
    babel-types: ^6.24.1
  checksum: cebc8ce231e5541a1f7b530a45f70ac3827ae26d0932f4cef62ed69d726078d9dbed2b3cdaf32d0a5892509a99a4d3ef4b68c199f4854fe91258db25435132ce
  languageName: node
  linkType: hard

"babel-helper-function-name@npm:^6.24.1":
  version: 6.24.1
  resolution: "babel-helper-function-name@npm:6.24.1"
  dependencies:
    babel-helper-get-function-arity: ^6.24.1
    babel-runtime: ^6.22.0
    babel-template: ^6.24.1
    babel-traverse: ^6.24.1
    babel-types: ^6.24.1
  checksum: 726b5e5a60d37c2c0cee06624638da4f5caf8db808c7918a1efa5b41d2871cc3a751473f6bf4881e2d8553041c864e4d8fbe13a1e23029cc4903f5b948573ffc
  languageName: node
  linkType: hard

"babel-helper-get-function-arity@npm:^6.24.1":
  version: 6.24.1
  resolution: "babel-helper-get-function-arity@npm:6.24.1"
  dependencies:
    babel-runtime: ^6.22.0
    babel-types: ^6.24.1
  checksum: 2f42426333d042a8b93d7ebd4a637bc03a32e9abd1ccbce0b34d1a1ad0f7f7f765ae3702319e13c8dcf09ea5fc96090be337c56cbc4aa3a98249d195569be915
  languageName: node
  linkType: hard

"babel-helper-hoist-variables@npm:^6.24.1":
  version: 6.24.1
  resolution: "babel-helper-hoist-variables@npm:6.24.1"
  dependencies:
    babel-runtime: ^6.22.0
    babel-types: ^6.24.1
  checksum: e49c1f0f71c8b213db05e1da429660cced817df46b556c3416ab5287fbcec4089ff98d3370fa294f65c7be1c5a59c3dcbae2345a33e34e9dcbb988622dc84341
  languageName: node
  linkType: hard

"babel-helper-optimise-call-expression@npm:^6.24.1":
  version: 6.24.1
  resolution: "babel-helper-optimise-call-expression@npm:6.24.1"
  dependencies:
    babel-runtime: ^6.22.0
    babel-types: ^6.24.1
  checksum: fc35bfd2ddaf4aea393b4712176691af8c77c8474fd8086c15d365c9faa44e0868ce7576e37ec8e504304226b12c63d46b87335656e20ad37cb477691d9a5303
  languageName: node
  linkType: hard

"babel-helper-regex@npm:^6.24.1":
  version: 6.26.0
  resolution: "babel-helper-regex@npm:6.26.0"
  dependencies:
    babel-runtime: ^6.26.0
    babel-types: ^6.26.0
    lodash: ^4.17.4
  checksum: df8513a3bb626fe9a086e768dd512d3cc9a28fd7b2d89c5fee86db7d3e71df022e2709eb3f49de7b46fcd0982ef8f02f9ff3cd6065c38ac1a3b5383207ac8f51
  languageName: node
  linkType: hard

"babel-helper-remap-async-to-generator@npm:^6.24.1":
  version: 6.24.1
  resolution: "babel-helper-remap-async-to-generator@npm:6.24.1"
  dependencies:
    babel-helper-function-name: ^6.24.1
    babel-runtime: ^6.22.0
    babel-template: ^6.24.1
    babel-traverse: ^6.24.1
    babel-types: ^6.24.1
  checksum: cfea1733153ab879b292bdb95ecbeacab9e2f088d557127936ea1b7bb2892f3419760f1bf93cd93300d35cb250d6090692c216f72dcfcf55096ed854bd34c95d
  languageName: node
  linkType: hard

"babel-helper-replace-supers@npm:^6.24.1":
  version: 6.24.1
  resolution: "babel-helper-replace-supers@npm:6.24.1"
  dependencies:
    babel-helper-optimise-call-expression: ^6.24.1
    babel-messages: ^6.23.0
    babel-runtime: ^6.22.0
    babel-template: ^6.24.1
    babel-traverse: ^6.24.1
    babel-types: ^6.24.1
  checksum: 4dee51a854c1c3edad59cd696da840b9c34c0b767f4a9f551b74789b907a9cfcbff315b2f10715fbcaff39cac823811d98f357ab8a1020b826ca606eb65ef444
  languageName: node
  linkType: hard

"babel-messages@npm:^6.23.0":
  version: 6.23.0
  resolution: "babel-messages@npm:6.23.0"
  dependencies:
    babel-runtime: ^6.22.0
  checksum: 9a04e1b86bf68f0469efc7d09d04dbcd69d386ae0347d71c67b8867d6763f0b46616856ca3669b982e9e000642b0546271ecda51c1e1a321fc8cf179ad6d65ad
  languageName: node
  linkType: hard

"babel-plugin-check-es2015-constants@npm:^6.22.0":
  version: 6.22.0
  resolution: "babel-plugin-check-es2015-constants@npm:6.22.0"
  dependencies:
    babel-runtime: ^6.22.0
  checksum: 56ae13b39264e73f97df10d9d80ecd48ef62191a254dd6c35b81f9a803a97f39b92ebbeff14f044bbbfd30767e41e1456a7d052f368615279ab1820baefd3bc9
  languageName: node
  linkType: hard

"babel-plugin-syntax-async-functions@npm:^6.8.0":
  version: 6.13.0
  resolution: "babel-plugin-syntax-async-functions@npm:6.13.0"
  checksum: 33e3123ffbd47bcb9ab6e813801688e33d21fbf28fcdc1bfbed73e9566e56d747e5c77031792bc81191a59d159c98e12a0c748c204e5a2ab5f0f1dffec12b547
  languageName: node
  linkType: hard

"babel-plugin-syntax-exponentiation-operator@npm:^6.8.0":
  version: 6.13.0
  resolution: "babel-plugin-syntax-exponentiation-operator@npm:6.13.0"
  checksum: 953fac3598ad4f0b09f3683fd5b1dc2e77547352ff8a8d2432fb4266fdcdf90f6b2bae90b9bba0ef10dcb69a7472463868db689360bac527876cbd3ef3ef8625
  languageName: node
  linkType: hard

"babel-plugin-syntax-flow@npm:^6.18.0":
  version: 6.18.0
  resolution: "babel-plugin-syntax-flow@npm:6.18.0"
  checksum: 7918569bbef8378a8ce03a8897da015d2bae9823af793509c7362659331a63bca3137afe0a4a49cc20fcc43eb0a09a1cbf93c1f7b059daad48fa1196f3a4b675
  languageName: node
  linkType: hard

"babel-plugin-syntax-jsx@npm:^6.3.13, babel-plugin-syntax-jsx@npm:^6.8.0":
  version: 6.18.0
  resolution: "babel-plugin-syntax-jsx@npm:6.18.0"
  checksum: a5c8174ad6165d5f541f9f31cf4b6338ccfb7d586cec111537fa567f13b5fbdcf54f7928db44429d4610aa1be9d07bb03d017b22ba521ff819a6a2090b694797
  languageName: node
  linkType: hard

"babel-plugin-syntax-trailing-function-commas@npm:^6.22.0":
  version: 6.22.0
  resolution: "babel-plugin-syntax-trailing-function-commas@npm:6.22.0"
  checksum: 92a52f452b79e981a14dc25be5d22cd7b9d92d6828c96b5dc87bdee300bbaf6f6918bf9ed08fa2fec6756d7d20a81e6b167a612182d240d5c57d25e6c09ebf78
  languageName: node
  linkType: hard

"babel-plugin-transform-async-to-generator@npm:^6.22.0":
  version: 6.24.1
  resolution: "babel-plugin-transform-async-to-generator@npm:6.24.1"
  dependencies:
    babel-helper-remap-async-to-generator: ^6.24.1
    babel-plugin-syntax-async-functions: ^6.8.0
    babel-runtime: ^6.22.0
  checksum: 87f944a8148fde53997a029dc8898993db43fa2cd0a10a4968ff83ccf5e939e480a2431b9d339a986c26d26fdf566df76aef01a04d7a358e249a6d48f9e8d847
  languageName: node
  linkType: hard

"babel-plugin-transform-es2015-arrow-functions@npm:^6.22.0":
  version: 6.22.0
  resolution: "babel-plugin-transform-es2015-arrow-functions@npm:6.22.0"
  dependencies:
    babel-runtime: ^6.22.0
  checksum: 5d0ef018f83ab38d1d1e74eac634bcdf91feb986151cf8ef143d5895db289407f0baa6fc6394dfb2e8b5e97c6bde8d76fd78efa7b354db1806ffbffdb69c6e71
  languageName: node
  linkType: hard

"babel-plugin-transform-es2015-block-scoped-functions@npm:^6.22.0":
  version: 6.22.0
  resolution: "babel-plugin-transform-es2015-block-scoped-functions@npm:6.22.0"
  dependencies:
    babel-runtime: ^6.22.0
  checksum: 7e0ef6080adf34b917ed75e66749388435e7d3d24a14ddad7cb8cd18d4d082692d3e95cb35c4656dbe2e5b4457bc9620f35c24aec479e597e4a1f1ced56515c2
  languageName: node
  linkType: hard

"babel-plugin-transform-es2015-block-scoping@npm:^6.23.0":
  version: 6.26.0
  resolution: "babel-plugin-transform-es2015-block-scoping@npm:6.26.0"
  dependencies:
    babel-runtime: ^6.26.0
    babel-template: ^6.26.0
    babel-traverse: ^6.26.0
    babel-types: ^6.26.0
    lodash: ^4.17.4
  checksum: 83068ed65e9c6d068cc3593cc433882838b8e5585eab2a6dea81ccdaf093ca14c1c6ff361b7733b7d3240a03e395c54ac5c371e32d44913e1758ed2c9055cda5
  languageName: node
  linkType: hard

"babel-plugin-transform-es2015-classes@npm:^6.23.0":
  version: 6.24.1
  resolution: "babel-plugin-transform-es2015-classes@npm:6.24.1"
  dependencies:
    babel-helper-define-map: ^6.24.1
    babel-helper-function-name: ^6.24.1
    babel-helper-optimise-call-expression: ^6.24.1
    babel-helper-replace-supers: ^6.24.1
    babel-messages: ^6.23.0
    babel-runtime: ^6.22.0
    babel-template: ^6.24.1
    babel-traverse: ^6.24.1
    babel-types: ^6.24.1
  checksum: 8a208fd2c28304f2c0a626ac0c03c7beb58d3993c3bc653877926234d92a85c585d79222dd47d9ce502ab837a79ffb3d267f07efb53c699f7583188e1d006a1c
  languageName: node
  linkType: hard

"babel-plugin-transform-es2015-computed-properties@npm:^6.22.0":
  version: 6.24.1
  resolution: "babel-plugin-transform-es2015-computed-properties@npm:6.24.1"
  dependencies:
    babel-runtime: ^6.22.0
    babel-template: ^6.24.1
  checksum: d30065710eb245ea0f6138520580539fcf86ee288e7696bff2254cf8d7e7015b4fa91aba3ea596ef273e02e2c44305b1f9be87f02df7bdaf063951e020bc1afd
  languageName: node
  linkType: hard

"babel-plugin-transform-es2015-destructuring@npm:^6.23.0":
  version: 6.23.0
  resolution: "babel-plugin-transform-es2015-destructuring@npm:6.23.0"
  dependencies:
    babel-runtime: ^6.22.0
  checksum: ae2d335f09e816da2a904ed17969df0e0206dc7b8d71874d42e312556316fff995db86c0b8c80b11bccab0b4fd69bccc7cb5e2ea6ccec7b4747ed1c626699687
  languageName: node
  linkType: hard

"babel-plugin-transform-es2015-duplicate-keys@npm:^6.22.0":
  version: 6.24.1
  resolution: "babel-plugin-transform-es2015-duplicate-keys@npm:6.24.1"
  dependencies:
    babel-runtime: ^6.22.0
    babel-types: ^6.24.1
  checksum: 45b89cbfada60f6fca7d00fc4488d1c8b846efc3eead026f0d78feb02cb69b728d5c38a2aa99618df799b20ae8e7815a8db248f8313e727f88b050541a6dcd94
  languageName: node
  linkType: hard

"babel-plugin-transform-es2015-for-of@npm:^6.23.0":
  version: 6.23.0
  resolution: "babel-plugin-transform-es2015-for-of@npm:6.23.0"
  dependencies:
    babel-runtime: ^6.22.0
  checksum: feedadbd1d69b4d7886621bb84e38d041b5f4ddfcf1f143da0abf039fa5031ed64a4784da3602762ca3ab61b2f7fabc52f4a15e827789ad2196b500b1bb93476
  languageName: node
  linkType: hard

"babel-plugin-transform-es2015-function-name@npm:^6.22.0":
  version: 6.24.1
  resolution: "babel-plugin-transform-es2015-function-name@npm:6.24.1"
  dependencies:
    babel-helper-function-name: ^6.24.1
    babel-runtime: ^6.22.0
    babel-types: ^6.24.1
  checksum: e410955140633c9d0a01616304d8c7eccfe4ce9629d0cbd065e8f98c1eb736f4e93948e9412def1d1c1ffcd20acac65b74114f3b4ba9373808320aeea49a5ea8
  languageName: node
  linkType: hard

"babel-plugin-transform-es2015-literals@npm:^6.22.0":
  version: 6.22.0
  resolution: "babel-plugin-transform-es2015-literals@npm:6.22.0"
  dependencies:
    babel-runtime: ^6.22.0
  checksum: f2257351df61f12a2020746eb338197ad8b9068d3fbb96520381be1b7a209c2624337406f5bf9ed094a3ce51797267a249472f33672b6f5bfd700f31c5306b9d
  languageName: node
  linkType: hard

"babel-plugin-transform-es2015-modules-amd@npm:^6.22.0, babel-plugin-transform-es2015-modules-amd@npm:^6.24.1":
  version: 6.24.1
  resolution: "babel-plugin-transform-es2015-modules-amd@npm:6.24.1"
  dependencies:
    babel-plugin-transform-es2015-modules-commonjs: ^6.24.1
    babel-runtime: ^6.22.0
    babel-template: ^6.24.1
  checksum: 71e73de5400733798d7f109f6264b2a17e2d4cf70dc55d80c77e4e11dea608f28ef917c1cbfb87c11132dc1197d83b77f24e5680d8763eff4d471c53eac5c9cd
  languageName: node
  linkType: hard

"babel-plugin-transform-es2015-modules-commonjs@npm:^6.23.0, babel-plugin-transform-es2015-modules-commonjs@npm:^6.24.1":
  version: 6.26.2
  resolution: "babel-plugin-transform-es2015-modules-commonjs@npm:6.26.2"
  dependencies:
    babel-plugin-transform-strict-mode: ^6.24.1
    babel-runtime: ^6.26.0
    babel-template: ^6.26.0
    babel-types: ^6.26.0
  checksum: 90d922e12ea3f91031e9a79664d40047857b9fe88d66230f0e92843ef93f1e35421408792a86cf34a4fda0142aed6adcbfbdfba04dfb1b7982144fe308a4982e
  languageName: node
  linkType: hard

"babel-plugin-transform-es2015-modules-systemjs@npm:^6.23.0":
  version: 6.24.1
  resolution: "babel-plugin-transform-es2015-modules-systemjs@npm:6.24.1"
  dependencies:
    babel-helper-hoist-variables: ^6.24.1
    babel-runtime: ^6.22.0
    babel-template: ^6.24.1
  checksum: 965ce4dcc43f464770f60a74c114413d2f3637942cc95b16369d5a30a09ad7cef8e0c42d6d59e5ea000d4c8d80d50785b7dc71c372b14aab254d522d32cf6601
  languageName: node
  linkType: hard

"babel-plugin-transform-es2015-modules-umd@npm:^6.23.0":
  version: 6.24.1
  resolution: "babel-plugin-transform-es2015-modules-umd@npm:6.24.1"
  dependencies:
    babel-plugin-transform-es2015-modules-amd: ^6.24.1
    babel-runtime: ^6.22.0
    babel-template: ^6.24.1
  checksum: b0e0109fcd1428d57865145d2f726657ecfe15285086e4508f4931c7b09304e2151fdca33d9adefa98b4bbb890bdc459d225b0229f436467375680de656719c4
  languageName: node
  linkType: hard

"babel-plugin-transform-es2015-object-super@npm:^6.22.0":
  version: 6.24.1
  resolution: "babel-plugin-transform-es2015-object-super@npm:6.24.1"
  dependencies:
    babel-helper-replace-supers: ^6.24.1
    babel-runtime: ^6.22.0
  checksum: 7e0abf2250a26f365566baa6a4bf004a64610e7d86d95bddd958743e9cc2de32f38976659a15eed9c1cdcb36a6d4cfb27b3e45c55da59ff50d2ac662777113ef
  languageName: node
  linkType: hard

"babel-plugin-transform-es2015-parameters@npm:^6.23.0":
  version: 6.24.1
  resolution: "babel-plugin-transform-es2015-parameters@npm:6.24.1"
  dependencies:
    babel-helper-call-delegate: ^6.24.1
    babel-helper-get-function-arity: ^6.24.1
    babel-runtime: ^6.22.0
    babel-template: ^6.24.1
    babel-traverse: ^6.24.1
    babel-types: ^6.24.1
  checksum: 873ac30ea46913081935db46248c5e26cefb4be9308e9cfd095bdfdcf3805416c7471bcf4770d89f64bd4c95c6566f88defb2a838dfef9741051a039796c38e6
  languageName: node
  linkType: hard

"babel-plugin-transform-es2015-shorthand-properties@npm:^6.22.0":
  version: 6.24.1
  resolution: "babel-plugin-transform-es2015-shorthand-properties@npm:6.24.1"
  dependencies:
    babel-runtime: ^6.22.0
    babel-types: ^6.24.1
  checksum: f6c10e5362cb14cf8533147bd13f2dcaf6989ba60f59cfdfea372660a0fa469ced1e84fc862603a52772897123bfac31223eab15c354abb4e01d8c8d28b887da
  languageName: node
  linkType: hard

"babel-plugin-transform-es2015-spread@npm:^6.22.0":
  version: 6.22.0
  resolution: "babel-plugin-transform-es2015-spread@npm:6.22.0"
  dependencies:
    babel-runtime: ^6.22.0
  checksum: 464840f5b9ff5912d72012079dfb58fdb5d457f3000cec59012bb2cb0eff12f86214f4c624b86f20334f0ea0730b5748d051bad4fa6e4c723c8108e9dcd54c15
  languageName: node
  linkType: hard

"babel-plugin-transform-es2015-sticky-regex@npm:^6.22.0":
  version: 6.24.1
  resolution: "babel-plugin-transform-es2015-sticky-regex@npm:6.24.1"
  dependencies:
    babel-helper-regex: ^6.24.1
    babel-runtime: ^6.22.0
    babel-types: ^6.24.1
  checksum: 2c1179b775774bd07259a405cd6a3630e859d1ee95f31b7616f1a004af3a0c450f0790c1a553fc076d6203e8daeb7146ea82329c173f5aa02f2f8830dd9c8b70
  languageName: node
  linkType: hard

"babel-plugin-transform-es2015-template-literals@npm:^6.22.0":
  version: 6.22.0
  resolution: "babel-plugin-transform-es2015-template-literals@npm:6.22.0"
  dependencies:
    babel-runtime: ^6.22.0
  checksum: abbb9ad1fba36b4391c671f411fdcf10d442ccffae0a4a197d051eace0bbd7eb9d0331d0ba94523ae9fb4bf8f946d013f1aaed40654b93169c68e21bda01b4d8
  languageName: node
  linkType: hard

"babel-plugin-transform-es2015-typeof-symbol@npm:^6.23.0":
  version: 6.23.0
  resolution: "babel-plugin-transform-es2015-typeof-symbol@npm:6.23.0"
  dependencies:
    babel-runtime: ^6.22.0
  checksum: 145809695fa2fc50cd6b2f9035a933f1fa3e7714b967e5a235a424ef8e332e4560cdab8cd967d6ac510335b0d93f22828f3828dad53e85189aeeda87673faf60
  languageName: node
  linkType: hard

"babel-plugin-transform-es2015-unicode-regex@npm:^6.22.0":
  version: 6.24.1
  resolution: "babel-plugin-transform-es2015-unicode-regex@npm:6.24.1"
  dependencies:
    babel-helper-regex: ^6.24.1
    babel-runtime: ^6.22.0
    regexpu-core: ^2.0.0
  checksum: 7a207d806c230a519fab6e17ab12283846ac31c53d5a9fe0fbf55e5d7b077a653a42f83809f18a786bb5dd98d6783a00d1ce7328f5c6b323ff13ad463da0e72e
  languageName: node
  linkType: hard

"babel-plugin-transform-exponentiation-operator@npm:^6.22.0":
  version: 6.24.1
  resolution: "babel-plugin-transform-exponentiation-operator@npm:6.24.1"
  dependencies:
    babel-helper-builder-binary-assignment-operator-visitor: ^6.24.1
    babel-plugin-syntax-exponentiation-operator: ^6.8.0
    babel-runtime: ^6.22.0
  checksum: d6c6794a082d57ec81eac98c1ca61f35b80dcb89447b1d3df29c8b1f3aa59373e1f65eb9f3505f95e3da628aeda767d03653ff3264900bf2bf3bb38120b015b5
  languageName: node
  linkType: hard

"babel-plugin-transform-flow-strip-types@npm:^6.22.0":
  version: 6.22.0
  resolution: "babel-plugin-transform-flow-strip-types@npm:6.22.0"
  dependencies:
    babel-plugin-syntax-flow: ^6.18.0
    babel-runtime: ^6.22.0
  checksum: 13cbf8f33f9dd371ca1bdc0609436018cd2eeb98aa359042d4ea9ef27d50d01e6e6aba2eeafe7d827d7d0c21122b2fc2cf93d1b713f7a843be7e65087b420b5b
  languageName: node
  linkType: hard

"babel-plugin-transform-react-display-name@npm:^6.23.0":
  version: 6.25.0
  resolution: "babel-plugin-transform-react-display-name@npm:6.25.0"
  dependencies:
    babel-runtime: ^6.22.0
  checksum: 22f4a37e4d72d44318ebd9f8380e3a8f8067f043261d03923a42e20717dbd7f191d72d677a122033d2ff78c588bd326021f99d77781612233bdef2d03ec46855
  languageName: node
  linkType: hard

"babel-plugin-transform-react-jsx-self@npm:^6.22.0":
  version: 6.22.0
  resolution: "babel-plugin-transform-react-jsx-self@npm:6.22.0"
  dependencies:
    babel-plugin-syntax-jsx: ^6.8.0
    babel-runtime: ^6.22.0
  checksum: 4a7e812a7c7406b7a9900487f624f7a42a19c337cb9450ae04348ea9428c60bd85125e943ca8f07c67cf42743622dc1b32afde67b0447d1723dfd25650dac77e
  languageName: node
  linkType: hard

"babel-plugin-transform-react-jsx-source@npm:^6.22.0":
  version: 6.22.0
  resolution: "babel-plugin-transform-react-jsx-source@npm:6.22.0"
  dependencies:
    babel-plugin-syntax-jsx: ^6.8.0
    babel-runtime: ^6.22.0
  checksum: 77167c3fce0cd33dfcfe51e23b5efe3ff1277856e47a34a303cc2db691f1e86189ebde9a9fcafb61f515eadd60330b351525e38f5b6c6a87f67854b4b6b8a44c
  languageName: node
  linkType: hard

"babel-plugin-transform-react-jsx@npm:^6.24.1":
  version: 6.24.1
  resolution: "babel-plugin-transform-react-jsx@npm:6.24.1"
  dependencies:
    babel-helper-builder-react-jsx: ^6.24.1
    babel-plugin-syntax-jsx: ^6.8.0
    babel-runtime: ^6.22.0
  checksum: e40f25a83cd8ff27df4c772bb4d30393feff9f2584d64307223f99176b8374fb56907c604bc2a0b5d13796fde5d4a632641890003435069106ced04d5bdc9628
  languageName: node
  linkType: hard

"babel-plugin-transform-regenerator@npm:^6.22.0":
  version: 6.26.0
  resolution: "babel-plugin-transform-regenerator@npm:6.26.0"
  dependencies:
    regenerator-transform: ^0.10.0
  checksum: f7fb0bf981a8d1332029f4281440744e7da2397bf2e2d760ffa7e981f03975a28504a0f882119ee155325e6ad898371b57a6af06dace8a7fe3750809507767d8
  languageName: node
  linkType: hard

"babel-plugin-transform-strict-mode@npm:^6.24.1":
  version: 6.24.1
  resolution: "babel-plugin-transform-strict-mode@npm:6.24.1"
  dependencies:
    babel-runtime: ^6.22.0
    babel-types: ^6.24.1
  checksum: aaad892238085565a07efad8c389395aa24dcec8a5190e60cd779f97bbe5d24daa5cc19669c34840f622bc5bb59b04df1a86520520c578fee6a8c3c3b5d64ca6
  languageName: node
  linkType: hard

"babel-preset-env@npm:1.5.2":
  version: 1.5.2
  resolution: "babel-preset-env@npm:1.5.2"
  dependencies:
    babel-plugin-check-es2015-constants: ^6.22.0
    babel-plugin-syntax-trailing-function-commas: ^6.22.0
    babel-plugin-transform-async-to-generator: ^6.22.0
    babel-plugin-transform-es2015-arrow-functions: ^6.22.0
    babel-plugin-transform-es2015-block-scoped-functions: ^6.22.0
    babel-plugin-transform-es2015-block-scoping: ^6.23.0
    babel-plugin-transform-es2015-classes: ^6.23.0
    babel-plugin-transform-es2015-computed-properties: ^6.22.0
    babel-plugin-transform-es2015-destructuring: ^6.23.0
    babel-plugin-transform-es2015-duplicate-keys: ^6.22.0
    babel-plugin-transform-es2015-for-of: ^6.23.0
    babel-plugin-transform-es2015-function-name: ^6.22.0
    babel-plugin-transform-es2015-literals: ^6.22.0
    babel-plugin-transform-es2015-modules-amd: ^6.22.0
    babel-plugin-transform-es2015-modules-commonjs: ^6.23.0
    babel-plugin-transform-es2015-modules-systemjs: ^6.23.0
    babel-plugin-transform-es2015-modules-umd: ^6.23.0
    babel-plugin-transform-es2015-object-super: ^6.22.0
    babel-plugin-transform-es2015-parameters: ^6.23.0
    babel-plugin-transform-es2015-shorthand-properties: ^6.22.0
    babel-plugin-transform-es2015-spread: ^6.22.0
    babel-plugin-transform-es2015-sticky-regex: ^6.22.0
    babel-plugin-transform-es2015-template-literals: ^6.22.0
    babel-plugin-transform-es2015-typeof-symbol: ^6.23.0
    babel-plugin-transform-es2015-unicode-regex: ^6.22.0
    babel-plugin-transform-exponentiation-operator: ^6.22.0
    babel-plugin-transform-regenerator: ^6.22.0
    browserslist: ^2.1.2
    invariant: ^2.2.2
    semver: ^5.3.0
  checksum: a2713b6ac164295dd8c819d23952271c224966eff89729e4aee189058a40e25b34f5c6c4e701b148a28f416e26ea31947dc228e3b0ba21e4aa09a66feff009a8
  languageName: node
  linkType: hard

"babel-preset-flow@npm:^6.23.0":
  version: 6.23.0
  resolution: "babel-preset-flow@npm:6.23.0"
  dependencies:
    babel-plugin-transform-flow-strip-types: ^6.22.0
  checksum: ece63b77e920356bd924647bfcfefaae21f6e6d9a813d59c23350b3adb8f57615a5079b21eb75d9d785d734d842921b064ec6c5916005886ef2d70b191a8f932
  languageName: node
  linkType: hard

"babel-preset-react@npm:6.24.1":
  version: 6.24.1
  resolution: "babel-preset-react@npm:6.24.1"
  dependencies:
    babel-plugin-syntax-jsx: ^6.3.13
    babel-plugin-transform-react-display-name: ^6.23.0
    babel-plugin-transform-react-jsx: ^6.24.1
    babel-plugin-transform-react-jsx-self: ^6.22.0
    babel-plugin-transform-react-jsx-source: ^6.22.0
    babel-preset-flow: ^6.23.0
  checksum: 7ba8ce9ce3d8d95a70075e8978eec258ebf84aa934c9b7b4aaf9968d406a35954e0a69eb441c329307facdb824a776494f1fe87736fc19ae2948e51ecfd8c766
  languageName: node
  linkType: hard

"babel-runtime@npm:^6.18.0, babel-runtime@npm:^6.22.0, babel-runtime@npm:^6.26.0":
  version: 6.26.0
  resolution: "babel-runtime@npm:6.26.0"
  dependencies:
    core-js: ^2.4.0
    regenerator-runtime: ^0.11.0
  checksum: 5010bf1d81e484d9c6a5b4e4c32564a0dc180c2dc5a65f999729c3cb63b9c6e805d3d10c19a4ccc2112bce084e39e51e52daf5c21df0141ce8e6e37727af2e0b
  languageName: node
  linkType: hard

"babel-template@npm:^6.24.1, babel-template@npm:^6.26.0":
  version: 6.26.0
  resolution: "babel-template@npm:6.26.0"
  dependencies:
    babel-runtime: ^6.26.0
    babel-traverse: ^6.26.0
    babel-types: ^6.26.0
    babylon: ^6.18.0
    lodash: ^4.17.4
  checksum: 3c76998a19c90e1aa2c37c4fd6a83b01db685df169f83669a40c459deda30792c40de1f2a1ffe405c9c8c25e4cd00733c0185244f5c457e94579bbe272bb22ef
  languageName: node
  linkType: hard

"babel-traverse@npm:^6.24.1, babel-traverse@npm:^6.26.0":
  version: 6.26.0
  resolution: "babel-traverse@npm:6.26.0"
  dependencies:
    babel-code-frame: ^6.26.0
    babel-messages: ^6.23.0
    babel-runtime: ^6.26.0
    babel-types: ^6.26.0
    babylon: ^6.18.0
    debug: ^2.6.8
    globals: ^9.18.0
    invariant: ^2.2.2
    lodash: ^4.17.4
  checksum: 05030a5152139565a2fe1d277d6ff337df33fe406b9eedb04c8fb740d2c26008d051457437fbf32faace5ea3cee968dcfba0bc4f359743917a03d1ee945ca5f3
  languageName: node
  linkType: hard

"babel-types@npm:^6.19.0, babel-types@npm:^6.24.1, babel-types@npm:^6.26.0":
  version: 6.26.0
  resolution: "babel-types@npm:6.26.0"
  dependencies:
    babel-runtime: ^6.26.0
    esutils: ^2.0.2
    lodash: ^4.17.4
    to-fast-properties: ^1.0.3
  checksum: 9fb4b712afe5c19bfd2ab77e9888062d1b4888be22d8b21934fee03dbbd6add8d89ce9e435b7321a1047776c14f713301666112a5c5e505cb673e88d63076cca
  languageName: node
  linkType: hard

"babylon@npm:^6.18.0":
  version: 6.18.0
  resolution: "babylon@npm:6.18.0"
  bin:
    babylon: ./bin/babylon.js
  checksum: af38302e3fd8b01004ab03e7f42e00d3d6b3e85190102a1ad7ffbed87bc025d96413a7c165b2b5f0b78e576b71e5306a67c1ae0368f6d12bef40fd00b0dbc7b5
  languageName: node
  linkType: hard

"browserslist@npm:^2.1.2":
  version: 2.11.3
  resolution: "browserslist@npm:2.11.3"
  dependencies:
    caniuse-lite: ^1.0.30000792
    electron-to-chromium: ^1.3.30
  bin:
    browserslist: ./cli.js
  checksum: e60c8e0bb310045f55567b3091bc2e4037893e6a7e32e29ce27466094371057c4a13579fdc05c513408ffda7f4f3c7e146d2bff04a91ccb349bad2abb27b9993
  languageName: node
  linkType: hard

"caniuse-lite@npm:^1.0.30000792":
  version: 1.0.30001088
  resolution: "caniuse-lite@npm:1.0.30001088"
  checksum: 4f87a29c5906b3ff65eda27a8bc4434051475a8a8af5c0df685b03fde818688e6ad1e56dfcd7268ff06fe9eac978870b29909e6234b86610b73272c7e8ec280a
  languageName: node
  linkType: hard

"chalk@npm:^1.1.3":
  version: 1.1.3
  resolution: "chalk@npm:1.1.3"
  dependencies:
    ansi-styles: ^2.2.1
    escape-string-regexp: ^1.0.2
    has-ansi: ^2.0.0
    strip-ansi: ^3.0.0
    supports-color: ^2.0.0
  checksum: bc2df54f6da63d0918254aa2d79dd87f75442e35c751b07f5ca37e5886dd0963472e37ee8c5fa6da27710fdfa0e10779c72be4a6c860c67e96769ba63ee2901e
  languageName: node
  linkType: hard

"core-js@npm:^2.4.0":
  version: 2.6.11
  resolution: "core-js@npm:2.6.11"
  checksum: 39ad00b46deaecf344470ef940949b58c4b15e71608a98e8ac7429cd16e485b829f9720d44a44b5f4dee966ff04a18baf5283feb8aaba2cb59ce2c25fa72b88c
  languageName: node
  linkType: hard

"debug@npm:^2.6.8":
  version: 2.6.9
  resolution: "debug@npm:2.6.9"
  dependencies:
    ms: 2.0.0
  checksum: 559f44f98cf25e2ee489022aec173afbff746564cb108c4493becb95bc3c017a67bdaa25a0ff64801fd32c35051d00af0e56cc7f762ae2c3bc089496e5a1c31b
  languageName: node
  linkType: hard

"electron-to-chromium@npm:^1.3.30":
  version: 1.3.483
  resolution: "electron-to-chromium@npm:1.3.483"
  checksum: dad4120418cd8a672661ece7163afae50529076698fb956ca952795665fe86ab167b815f09672c9daa65b01429efadf94e1843897080cb86c9c1f8216d52a96d
  languageName: node
  linkType: hard

"escape-string-regexp@npm:^1.0.2":
  version: 1.0.5
  resolution: "escape-string-regexp@npm:1.0.5"
  checksum: f9484b8b4c8827d816e0fd905c25ed4b561376a9c220e1430403ea84619bf680c76a883a48cff8b8e091daf55d6a497e37479f9787b9f15f3c421b6054289744
  languageName: node
  linkType: hard

"esutils@npm:^2.0.2":
  version: 2.0.3
  resolution: "esutils@npm:2.0.3"
  checksum: 590b04533177f8f6f0f352b3ac7da6c1c1e3d8375d8973972fba9c94558ca168685fd38319c3c6f4c37ba256df7494a7f15d8e761df1655af8a8f0027d988f8f
  languageName: node
  linkType: hard

"globals@npm:^9.18.0":
  version: 9.18.0
  resolution: "globals@npm:9.18.0"
  checksum: ad86a4b4d7348a259c4a0748c5f4c7c1c51c624567a48538092b7fc0b6cba7d9de9d16e7b788c693b590856608f9a697af2295ff278ff442d8fa705dd1240164
  languageName: node
  linkType: hard

"has-ansi@npm:^2.0.0":
  version: 2.0.0
  resolution: "has-ansi@npm:2.0.0"
  dependencies:
    ansi-regex: ^2.0.0
  checksum: c6805f5d01ced45ba247ff2b8c914f401e70aa9086552d8eafbdf6bc0b0e38ea4a3bf1a387d100ff5f07e5854bca96532a01777820a16be2cdf8cf6582091bad
  languageName: node
  linkType: hard

"indecision-app@workspace:.":
  version: 0.0.0-use.local
  resolution: "indecision-app@workspace:."
  dependencies:
    babel-preset-env: 1.5.2
    babel-preset-react: 6.24.1
  languageName: unknown
  linkType: soft

"invariant@npm:^2.2.2":
  version: 2.2.4
  resolution: "invariant@npm:2.2.4"
  dependencies:
    loose-envify: ^1.0.0
  checksum: 96d8a2a4f0ad21020c5847546fc36bec5c0870d99f071aaa93df00c1036439d48211a1823ab6128f78a15ccc4c4f62baf6a65f6c0ed489270dd44d0a04f443a1
  languageName: node
  linkType: hard

"js-tokens@npm:^3.0.0 || ^4.0.0":
  version: 4.0.0
  resolution: "js-tokens@npm:4.0.0"
  checksum: 1fc4e4667ac2d972aba65148b9cbf9c17566b2394d3504238d8492bbd3e68f496c657eab06b26b40b17db5cac0a34d153a12130e2d2d2bb6dc2cdc8a4764eb1b
  languageName: node
  linkType: hard

"js-tokens@npm:^3.0.2":
  version: 3.0.2
  resolution: "js-tokens@npm:3.0.2"
  checksum: 81e634d5a909ba8294758ddca47a0c0cfee90e84cc14973c072a3a27456b387ed8def0f24aff7074c02c3ba47531f4ad8b58320f5f5c4216ef46257de5350568
  languageName: node
  linkType: hard

"jsesc@npm:~0.5.0":
  version: 0.5.0
  resolution: "jsesc@npm:0.5.0"
  bin:
    jsesc: bin/jsesc
  checksum: 1e4574920d3c17c9167fdc14ca66197e8d5d96fb3f37c7473df7857822b7adbf2954d0e126131456f8fd72b6f6908c2367e7a12c18495a5393c37be99acbbb5a
  languageName: node
  linkType: hard

"lodash@npm:^4.17.4":
  version: 4.17.15
  resolution: "lodash@npm:4.17.15"
  checksum: aec3fbb7570aa67bda500b8299b1b1821d60646bede87f76a74dfcc7666ab3445267d734ec71424d70809d52ad67a1356fab5ab694a3faa1908d68e9d48f00f5
  languageName: node
  linkType: hard

"loose-envify@npm:^1.0.0":
  version: 1.4.0
  resolution: "loose-envify@npm:1.4.0"
  dependencies:
    js-tokens: ^3.0.0 || ^4.0.0
  bin:
    loose-envify: cli.js
  checksum: 5c3b47bbe5f597a3889fb001a3a98aaea2a3fafa48089c19034de1e0121bf57dbee609d184478514d74d5c5a7e9cfa3d846343455e5123b060040d46c39e91dc
  languageName: node
  linkType: hard

"ms@npm:2.0.0":
  version: 2.0.0
  resolution: "ms@npm:2.0.0"
  checksum: 1a230340cc7f322fbe916783d8c8d60455407c6b7fb7f901d6ee34eb272402302c5c7f070a97b8531245cbb4ca6a0a623f6a128d7e5a5440cefa2c669c0b35bb
  languageName: node
  linkType: hard

"private@npm:^0.1.6":
  version: 0.1.8
  resolution: "private@npm:0.1.8"
  checksum: 4507890e0e59e27909b714e52d6e8de7e06c83c731721e8c974117bfa96c720173c2aeff048022a0ba5faefa8a354f15120fb4088729b1241fc22e78f3a25912
  languageName: node
  linkType: hard

"regenerate@npm:^1.2.1":
  version: 1.4.1
  resolution: "regenerate@npm:1.4.1"
  checksum: 67fe7ea33291997b20634105c7b6787bcc03e137da348c1cc0d617b3d97d9ed1e05ce4b6dabcb86be7ddf198000f78275bcabd67e66889ba7daa296926f8eada
  languageName: node
  linkType: hard

"regenerator-runtime@npm:^0.11.0":
  version: 0.11.1
  resolution: "regenerator-runtime@npm:0.11.1"
  checksum: d98d44b9f5c9c3c670dcb615c5f5374931f937f3075dc8338126f45231643aa8c47ed2bfdef6ae593e311be54ca02d25d943971ca86a3dc1fa99068c2e1b88b2
  languageName: node
  linkType: hard

"regenerator-transform@npm:^0.10.0":
  version: 0.10.1
  resolution: "regenerator-transform@npm:0.10.1"
  dependencies:
    babel-runtime: ^6.18.0
    babel-types: ^6.19.0
    private: ^0.1.6
  checksum: 88bddc2e40395a4b04dced1ff1e84319d6e0457a45206985b0bd5d5d90832b9bc2e75db70b079090eb89615e2f6f1eb6a8a057ad54371bfa2d4ac57fa3e9d24d
  languageName: node
  linkType: hard

"regexpu-core@npm:^2.0.0":
  version: 2.0.0
  resolution: "regexpu-core@npm:2.0.0"
  dependencies:
    regenerate: ^1.2.1
    regjsgen: ^0.2.0
    regjsparser: ^0.1.4
  checksum: 3631167e1a76e3c5db3125941c44563833d2feb7464a2dc8bd7abda26640627cc6c08e81d08c347ad2cd353c12e391a7bcf221d0a959cccb7a6aabce8d116156
  languageName: node
  linkType: hard

"regjsgen@npm:^0.2.0":
  version: 0.2.0
  resolution: "regjsgen@npm:0.2.0"
  checksum: 107cb6d07b9542f91887e20a4b9951bf973db474949beff01ddb3861788ab71b6f552a6ebe2458d0738cb912a314f110eb5900890c362b630e3653100fe75344
  languageName: node
  linkType: hard

"regjsparser@npm:^0.1.4":
  version: 0.1.5
  resolution: "regjsparser@npm:0.1.5"
  dependencies:
    jsesc: ~0.5.0
  bin:
    regjsparser: bin/parser
  checksum: 185e296f4cc1ada2a19251bc857ebedd885e2b0e5c199f6dceb3c2c5b8ae90984968525003ead4f127560d68173afe734b0d825eecd9cec22bddbe03b148618c
  languageName: node
  linkType: hard

"semver@npm:^5.3.0":
  version: 5.7.1
  resolution: "semver@npm:5.7.1"
  bin:
    semver: ./bin/semver
  checksum: 06ff0ed753ebf741b7602be8faad620d6e160a2cb3f61019d00d919c8bca141638aa23c34da779b8595afdc9faa3678bfbb5f60366b6a4f65f98cf86605bbcdb
  languageName: node
  linkType: hard

"strip-ansi@npm:^3.0.0":
  version: 3.0.1
  resolution: "strip-ansi@npm:3.0.1"
  dependencies:
    ansi-regex: ^2.0.0
  checksum: 98772dcf440d08f65790ee38cd186b1f139fa69b430e75f9d9c11f97058662f82a22c2ba03a30f502f948958264e99051524fbf1819edaa8a8bbb909ece297da
  languageName: node
  linkType: hard

"supports-color@npm:^2.0.0":
  version: 2.0.0
  resolution: "supports-color@npm:2.0.0"
  checksum: 5d6fb449e29f779cc639756f0d6b9ab6138048e753683cd2c647f36a9254714051909a5f569e6aa83c5310c8dfe8a1f481967e02bef401ac8eed46ee0950d779
  languageName: node
  linkType: hard

"to-fast-properties@npm:^1.0.3":
  version: 1.0.3
  resolution: "to-fast-properties@npm:1.0.3"
  checksum: bfe41c936705c9d82ed21ac6f39384c323d860f74b55d2354bc511eeb5f5729849f70ea4c1fab8ad71ca5717fa184c94899778e4959ef09e7316708086cf04c6
  languageName: node
  linkType: hard
